
Microsoft Visual Studio Solution File, Format Version 12.00
# Visual Studio 15
VisualStudioVersion = 15.0.28307.168
MinimumVisualStudioVersion = 10.0.40219.1
Project("{6EC3EE1D-3C4E-46DD-8F32-0CC8E7565705}") = "TikZDoc", "src\TikZDoc.fsproj", "{C3DBE468-03B3-49DE-98CB-9CC3B6B7C271}"
EndProject
Project("{F2A71F9B-5D33-465A-A702-920D77279786}") = "TikZDocTest", "test\TikZDocTest.fsproj", "{1B1F5E0D-2D66-4CA7-B249-1715ED28CF0D}"
EndProject
Global
	GlobalSection(SolutionConfigurationPlatforms) = preSolution
		Debug|Any CPU = Debug|Any CPU
		Release|Any CPU = Release|Any CPU
	EndGlobalSection
	GlobalSection(ProjectConfigurationPlatforms) = postSolution
		{C3DBE468-03B3-49DE-98CB-9CC3B6B7C271}.Debug|Any CPU.ActiveCfg = Debug|Any CPU
		{C3DBE468-03B3-49DE-98CB-9CC3B6B7C271}.Debug|Any CPU.Build.0 = Debug|Any CPU
		{C3DBE468-03B3-49DE-98CB-9CC3B6B7C271}.Release|Any CPU.ActiveCfg = Release|Any CPU
		{C3DBE468-03B3-49DE-98CB-9CC3B6B7C271}.Release|Any CPU.Build.0 = Release|Any CPU
		{1B1F5E0D-2D66-4CA7-B249-1715ED28CF0D}.Debug|Any CPU.ActiveCfg = Debug|Any CPU
		{1B1F5E0D-2D66-4CA7-B249-1715ED28CF0D}.Debug|Any CPU.Build.0 = Debug|Any CPU
		{1B1F5E0D-2D66-4CA7-B249-1715ED28CF0D}.Release|Any CPU.ActiveCfg = Release|Any CPU
		{1B1F5E0D-2D66-4CA7-B249-1715ED28CF0D}.Release|Any CPU.Build.0 = Release|Any CPU
	EndGlobalSection
	GlobalSection(SolutionProperties) = preSolution
		HideSolutionNode = FALSE
	EndGlobalSection
	GlobalSection(ExtensibilityGlobals) = postSolution
		SolutionGuid = {8219A20F-FDA9-47BF-BFFF-327989E5C390}
	EndGlobalSection
EndGlobal
